
Microsoft Visual Studio Solution File, Format Version 12.00
# Visual Studio 14
VisualStudioVersion = 14.0.25123.0
MinimumVisualStudioVersion = 10.0.40219.1
Project("{FAE04EC0-301F-11D3-BF4B-00C04F79EFBC}") = "HoneyDoList", "HoneyDoList\HoneyDoList.csproj", "{3C341D62-5846-4A61-ADF0-2F110A0FDA5E}"
EndProject
Project("{FAE04EC0-301F-11D3-BF4B-00C04F79EFBC}") = "HoneyDoList.iOS", "iOS\HoneyDoList.iOS.csproj", "{3D12CC4C-0366-474D-8EDE-1B1CC6AEF272}"
EndProject
Project("{FAE04EC0-301F-11D3-BF4B-00C04F79EFBC}") = "HoneyDoList.Droid", "Droid\HoneyDoList.Droid.csproj", "{D15CFB56-1A21-47A7-B9FB-1D7F7CC00C58}"
EndProject
Global
	GlobalSection(SolutionConfigurationPlatforms) = preSolution
		Debug|Any CPU = Debug|Any CPU
		Debug|iPhone = Debug|iPhone
		Debug|iPhoneSimulator = Debug|iPhoneSimulator
		Release|Any CPU = Release|Any CPU
		Release|iPhone = Release|iPhone
		Release|iPhoneSimulator = Release|iPhoneSimulator
	EndGlobalSection
	GlobalSection(ProjectConfigurationPlatforms) = postSolution
		{3C341D62-5846-4A61-ADF0-2F110A0FDA5E}.Debug|Any CPU.ActiveCfg = Debug|Any CPU
		{3C341D62-5846-4A61-ADF0-2F110A0FDA5E}.Debug|Any CPU.Build.0 = Debug|Any CPU
		{3C341D62-5846-4A61-ADF0-2F110A0FDA5E}.Debug|iPhone.ActiveCfg = Debug|Any CPU
		{3C341D62-5846-4A61-ADF0-2F110A0FDA5E}.Debug|iPhone.Build.0 = Debug|Any CPU
		{3C341D62-5846-4A61-ADF0-2F110A0FDA5E}.Debug|iPhoneSimulator.ActiveCfg = Debug|Any CPU
		{3C341D62-5846-4A61-ADF0-2F110A0FDA5E}.Debug|iPhoneSimulator.Build.0 = Debug|Any CPU
		{3C341D62-5846-4A61-ADF0-2F110A0FDA5E}.Release|Any CPU.ActiveCfg = Release|Any CPU
		{3C341D62-5846-4A61-ADF0-2F110A0FDA5E}.Release|Any CPU.Build.0 = Release|Any CPU
		{3C341D62-5846-4A61-ADF0-2F110A0FDA5E}.Release|iPhone.ActiveCfg = Release|Any CPU
		{3C341D62-5846-4A61-ADF0-2F110A0FDA5E}.Release|iPhone.Build.0 = Release|Any CPU
		{3C341D62-5846-4A61-ADF0-2F110A0FDA5E}.Release|iPhoneSimulator.ActiveCfg = Release|Any CPU
		{3C341D62-5846-4A61-ADF0-2F110A0FDA5E}.Release|iPhoneSimulator.Build.0 = Release|Any CPU
		{3D12CC4C-0366-474D-8EDE-1B1CC6AEF272}.Debug|Any CPU.ActiveCfg = Debug|iPhoneSimulator
		{3D12CC4C-0366-474D-8EDE-1B1CC6AEF272}.Debug|Any CPU.Build.0 = Debug|iPhoneSimulator
		{3D12CC4C-0366-474D-8EDE-1B1CC6AEF272}.Debug|iPhone.ActiveCfg = Debug|iPhone
		{3D12CC4C-0366-474D-8EDE-1B1CC6AEF272}.Debug|iPhone.Build.0 = Debug|iPhone
		{3D12CC4C-0366-474D-8EDE-1B1CC6AEF272}.Debug|iPhoneSimulator.ActiveCfg = Debug|iPhoneSimulator
		{3D12CC4C-0366-474D-8EDE-1B1CC6AEF272}.Debug|iPhoneSimulator.Build.0 = Debug|iPhoneSimulator
		{3D12CC4C-0366-474D-8EDE-1B1CC6AEF272}.Release|Any CPU.ActiveCfg = Release|iPhone
		{3D12CC4C-0366-474D-8EDE-1B1CC6AEF272}.Release|Any CPU.Build.0 = Release|iPhone
		{3D12CC4C-0366-474D-8EDE-1B1CC6AEF272}.Release|iPhone.ActiveCfg = Release|iPhone
		{3D12CC4C-0366-474D-8EDE-1B1CC6AEF272}.Release|iPhone.Build.0 = Release|iPhone
		{3D12CC4C-0366-474D-8EDE-1B1CC6AEF272}.Release|iPhoneSimulator.ActiveCfg = Release|iPhoneSimulator
		{3D12CC4C-0366-474D-8EDE-1B1CC6AEF272}.Release|iPhoneSimulator.Build.0 = Release|iPhoneSimulator
		{D15CFB56-1A21-47A7-B9FB-1D7F7CC00C58}.Debug|Any CPU.ActiveCfg = Debug|Any CPU
		{D15CFB56-1A21-47A7-B9FB-1D7F7CC00C58}.Debug|Any CPU.Build.0 = Debug|Any CPU
		{D15CFB56-1A21-47A7-B9FB-1D7F7CC00C58}.Debug|iPhone.ActiveCfg = Debug|Any CPU
		{D15CFB56-1A21-47A7-B9FB-1D7F7CC00C58}.Debug|iPhone.Build.0 = Debug|Any CPU
		{D15CFB56-1A21-47A7-B9FB-1D7F7CC00C58}.Debug|iPhoneSimulator.ActiveCfg = Debug|Any CPU
		{D15CFB56-1A21-47A7-B9FB-1D7F7CC00C58}.Debug|iPhoneSimulator.Build.0 = Debug|Any CPU
		{D15CFB56-1A21-47A7-B9FB-1D7F7CC00C58}.Release|Any CPU.ActiveCfg = Release|Any CPU
		{D15CFB56-1A21-47A7-B9FB-1D7F7CC00C58}.Release|Any CPU.Build.0 = Release|Any CPU
		{D15CFB56-1A21-47A7-B9FB-1D7F7CC00C58}.Release|iPhone.ActiveCfg = Release|Any CPU
		{D15CFB56-1A21-47A7-B9FB-1D7F7CC00C58}.Release|iPhone.Build.0 = Release|Any CPU
		{D15CFB56-1A21-47A7-B9FB-1D7F7CC00C58}.Release|iPhoneSimulator.ActiveCfg = Release|Any CPU
		{D15CFB56-1A21-47A7-B9FB-1D7F7CC00C58}.Release|iPhoneSimulator.Build.0 = Release|Any CPU
	EndGlobalSection
	GlobalSection(SolutionProperties) = preSolution
		HideSolutionNode = FALSE
	EndGlobalSection
EndGlobal
